
Microsoft Visual Studio Solution File, Format Version 12.00
# Visual Studio 2012
Project("{FAE04EC0-301F-11D3-BF4B-00C04F79EFBC}") = "DocenteEmails", "DocenteEmails\DocenteEmails.csproj", "{93AFC2D8-18B3-4CA3-87FB-DE4585158D03}"
EndProject
Global
	GlobalSection(SolutionConfigurationPlatforms) = preSolution
		Debug|Any CPU = Debug|Any CPU
		Release|Any CPU = Release|Any CPU
	EndGlobalSection
	GlobalSection(ProjectConfigurationPlatforms) = postSolution
		{93AFC2D8-18B3-4CA3-87FB-DE4585158D03}.Debug|Any CPU.ActiveCfg = Debug|Any CPU
		{93AFC2D8-18B3-4CA3-87FB-DE4585158D03}.Debug|Any CPU.Build.0 = Debug|Any CPU
		{93AFC2D8-18B3-4CA3-87FB-DE4585158D03}.Release|Any CPU.ActiveCfg = Release|Any CPU
		{93AFC2D8-18B3-4CA3-87FB-DE4585158D03}.Release|Any CPU.Build.0 = Release|Any CPU
	EndGlobalSection
	GlobalSection(SolutionProperties) = preSolution
		HideSolutionNode = FALSE
	EndGlobalSection
EndGlobal
